// !$*UTF8*$!
{
	archiveVersion = 1;
	classes = {
	};
	objectVersion = 56;
	objects = {

/* Begin PBXBuildFile section */
		A10001 /* SentinelPrimeApp.swift in Sources */ = {isa = PBXBuildFile; fileRef = A20001; };
		A10002 /* ContentView.swift in Sources */ = {isa = PBXBuildFile; fileRef = A20002; };
		A10003 /* SentinelAPI.swift in Sources */ = {isa = PBXBuildFile; fileRef = A20003; };
		A10004 /* TrainingView.swift in Sources */ = {isa = PBXBuildFile; fileRef = A20004; };
		A10005 /* ChatView.swift in Sources */ = {isa = PBXBuildFile; fileRef = A20005; };
		A10006 /* ModelCardView.swift in Sources */ = {isa = PBXBuildFile; fileRef = A20006; };
		A10007 /* Assets.xcassets in Resources */ = {isa = PBXBuildFile; fileRef = A20007; };
		A10008 /* MetricCard.swift in Sources */ = {isa = PBXBuildFile; fileRef = A20008; };
		A10009 /* VoiceInputManager.swift in Sources */ = {isa = PBXBuildFile; fileRef = A20009; };
/* End PBXBuildFile section */

/* Begin PBXFileReference section */
		A20001 /* SentinelPrimeApp.swift */ = {isa = PBXFileReference; lastKnownFileType = sourcecode.swift; path = SentinelPrimeApp.swift; sourceTree = "<group>"; };
		A20002 /* ContentView.swift */ = {isa = PBXFileReference; lastKnownFileType = sourcecode.swift; path = ContentView.swift; sourceTree = "<group>"; };
		A20003 /* SentinelAPI.swift */ = {isa = PBXFileReference; lastKnownFileType = sourcecode.swift; path = SentinelAPI.swift; sourceTree = "<group>"; };
		A20004 /* TrainingView.swift */ = {isa = PBXFileReference; lastKnownFileType = sourcecode.swift; path = TrainingView.swift; sourceTree = "<group>"; };
		A20005 /* ChatView.swift */ = {isa = PBXFileReference; lastKnownFileType = sourcecode.swift; path = ChatView.swift; sourceTree = "<group>"; };
		A20006 /* ModelCardView.swift */ = {isa = PBXFileReference; lastKnownFileType = sourcecode.swift; path = ModelCardView.swift; sourceTree = "<group>"; };
		A20007 /* Assets.xcassets */ = {isa = PBXFileReference; lastKnownFileType = folder.assetcatalog; path = Assets.xcassets; sourceTree = "<group>"; };
		A20008 /* MetricCard.swift */ = {isa = PBXFileReference; lastKnownFileType = sourcecode.swift; path = MetricCard.swift; sourceTree = "<group>"; };
		A20009 /* VoiceInputManager.swift */ = {isa = PBXFileReference; lastKnownFileType = sourcecode.swift; path = VoiceInputManager.swift; sourceTree = "<group>"; };
		A30001 /* SentinelPrime.app */ = {isa = PBXFileReference; explicitFileType = wrapper.application; includeInIndex = 0; path = SentinelPrime.app; sourceTree = BUILT_PRODUCTS_DIR; };
		A20010 /* Info.plist */ = {isa = PBXFileReference; lastKnownFileType = text.plist.xml; path = Info.plist; sourceTree = "<group>"; };
/* End PBXFileReference section */

/* Begin PBXFrameworksBuildPhase section */
		A40001 /* Frameworks */ = {
			isa = PBXFrameworksBuildPhase;
			buildActionMask = 2147483647;
			files = (
			);
			runOnlyForDeploymentPostprocessing = 0;
		};
/* End PBXFrameworksBuildPhase section */

/* Begin PBXGroup section */
		A50001 = {
			isa = PBXGroup;
			children = (
				A50002 /* SentinelPrime */,
				A50003 /* Products */,
			);
			sourceTree = "<group>";
		};
		A50002 /* SentinelPrime */ = {
			isa = PBXGroup;
			children = (
				A20001 /* SentinelPrimeApp.swift */,
				A20002 /* ContentView.swift */,
				A20003 /* SentinelAPI.swift */,
				A20004 /* TrainingView.swift */,
				A20005 /* ChatView.swift */,
				A20006 /* ModelCardView.swift */,
				A20008 /* MetricCard.swift */,
				A20009 /* VoiceInputManager.swift */,
				A20007 /* Assets.xcassets */,
				A20010 /* Info.plist */,
			);
			path = SentinelPrime;
			sourceTree = "<group>";
		};
		A50003 /* Products */ = {
			isa = PBXGroup;
			children = (
				A30001 /* SentinelPrime.app */,
			);
			name = Products;
			sourceTree = "<group>";
		};
/* End PBXGroup section */

/* Begin PBXNativeTarget section */
		A60001 /* SentinelPrime */ = {
			isa = PBXNativeTarget;
			buildConfigurationList = A80001 /* Build configuration list for PBXNativeTarget "SentinelPrime" */;
			buildPhases = (
				A70001 /* Sources */,
				A40001 /* Frameworks */,
				A70002 /* Resources */,
			);
			buildRules = (
			);
			dependencies = (
			);
			name = SentinelPrime;
			productName = SentinelPrime;
			productReference = A30001 /* SentinelPrime.app */;
			productType = "com.apple.product-type.application";
		};
/* End PBXNativeTarget section */

/* Begin PBXProject section */
		A90001 /* Project object */ = {
			isa = PBXProject;
			attributes = {
				BuildIndependentTargetsInParallel = 1;
				LastSwiftUpdateCheck = 1600;
				LastUpgradeCheck = 1600;
				TargetAttributes = {
					A60001 = {
						CreatedOnToolsVersion = 16.0;
					};
				};
			};
			buildConfigurationList = A80002 /* Build configuration list for PBXProject "SentinelPrime" */;
			compatibilityVersion = "Xcode 14.0";
			developmentRegion = en;
			hasScannedForEncodings = 0;
			knownRegions = (
				en,
				Base,
			);
			mainGroup = A50001;
			productRefGroup = A50003 /* Products */;
			projectDirPath = "";
			projectRoot = "";
			targets = (
				A60001 /* SentinelPrime */,
			);
		};
/* End PBXProject section */

/* Begin PBXResourcesBuildPhase section */
		A70002 /* Resources */ = {
			isa = PBXResourcesBuildPhase;
			buildActionMask = 2147483647;
			files = (
				A10007 /* Assets.xcassets in Resources */,
			);
			runOnlyForDeploymentPostprocessing = 0;
		};
/* End PBXResourcesBuildPhase section */

/* Begin PBXSourcesBuildPhase section */
		A70001 /* Sources */ = {
			isa = PBXSourcesBuildPhase;
			buildActionMask = 2147483647;
			files = (
				A10001 /* SentinelPrimeApp.swift in Sources */,
				A10002 /* ContentView.swift in Sources */,
				A10003 /* SentinelAPI.swift in Sources */,
				A10004 /* TrainingView.swift in Sources */,
				A10005 /* ChatView.swift in Sources */,
				A10006 /* ModelCardView.swift in Sources */,
				A10008 /* MetricCard.swift in Sources */,
				A10009 /* VoiceInputManager.swift in Sources */,
			);
			runOnlyForDeploymentPostprocessing = 0;
		};
/* End PBXSourcesBuildPhase section */

/* Begin XCBuildConfiguration section */
		B10001 /* Debug */ = {
			isa = XCBuildConfiguration;
			buildSettings = {
				ALWAYS_SEARCH_USER_PATHS = NO;
				ASSETCATALOG_COMPILER_GENERATE_SWIFT_ASSET_SYMBOL_EXTENSIONS = YES;
				CLANG_ANALYZER_NONNULL = YES;
				CLANG_CXX_LANGUAGE_STANDARD = "gnu++20";
				CLANG_ENABLE_MODULES = YES;
				CLANG_ENABLE_OBJC_ARC = YES;
				COPY_PHASE_STRIP = NO;
				DEBUG_INFORMATION_FORMAT = dwarf;
				ENABLE_STRICT_OBJC_MSGSEND = YES;
				ENABLE_TESTABILITY = YES;
				GCC_DYNAMIC_NO_PIC = NO;
				GCC_OPTIMIZATION_LEVEL = 0;
				GCC_WARN_ABOUT_RETURN_TYPE = YES_ERROR;
				GCC_WARN_UNINITIALIZED_AUTOS = YES_AGGRESSIVE;
				IPHONEOS_DEPLOYMENT_TARGET = 17.0;
				MTL_ENABLE_DEBUG_INFO = INCLUDE_SOURCE;
				ONLY_ACTIVE_ARCH = YES;
				SDKROOT = iphoneos;
				SWIFT_ACTIVE_COMPILATION_CONDITIONS = "DEBUG $(inherited)";
				SWIFT_OPTIMIZATION_LEVEL = "-Onone";
			};
			name = Debug;
		};
		B10002 /* Release */ = {
			isa = XCBuildConfiguration;
			buildSettings = {
				ALWAYS_SEARCH_USER_PATHS = NO;
				ASSETCATALOG_COMPILER_GENERATE_SWIFT_ASSET_SYMBOL_EXTENSIONS = YES;
				CLANG_ANALYZER_NONNULL = YES;
				CLANG_CXX_LANGUAGE_STANDARD = "gnu++20";
				CLANG_ENABLE_MODULES = YES;
				CLANG_ENABLE_OBJC_ARC = YES;
				COPY_PHASE_STRIP = NO;
				DEBUG_INFORMATION_FORMAT = "dwarf-with-dsym";
				ENABLE_NS_ASSERTIONS = NO;
				ENABLE_STRICT_OBJC_MSGSEND = YES;
				GCC_WARN_ABOUT_RETURN_TYPE = YES_ERROR;
				GCC_WARN_UNINITIALIZED_AUTOS = YES_AGGRESSIVE;
				IPHONEOS_DEPLOYMENT_TARGET = 17.0;
				SDKROOT = iphoneos;
				SWIFT_COMPILATION_MODE = wholemodule;
				VALIDATE_PRODUCT = YES;
			};
			name = Release;
		};
		B20001 /* Debug */ = {
			isa = XCBuildConfiguration;
			buildSettings = {
				ASSETCATALOG_COMPILER_APPICON_NAME = AppIcon;
				ASSETCATALOG_COMPILER_GLOBAL_ACCENT_COLOR_NAME = AccentColor;
				CODE_SIGN_STYLE = Manual;
				CURRENT_PROJECT_VERSION = 1;
				DEVELOPMENT_TEAM = "";
				GENERATE_INFOPLIST_FILE = NO;
				INFOPLIST_FILE = SentinelPrime/Info.plist;
				INFOPLIST_KEY_CFBundleDisplayName = "Sentinel Prime";
				INFOPLIST_KEY_UIApplicationSceneManifest_Generation = YES;
				INFOPLIST_KEY_UIApplicationSupportsIndirectInputEvents = YES;
				INFOPLIST_KEY_UILaunchScreen_Generation = YES;
				INFOPLIST_KEY_UISupportedInterfaceOrientations_iPad = "UIInterfaceOrientationPortrait UIInterfaceOrientationPortraitUpsideDown UIInterfaceOrientationLandscapeLeft UIInterfaceOrientationLandscapeRight";
				INFOPLIST_KEY_UISupportedInterfaceOrientations_iPhone = "UIInterfaceOrientationPortrait UIInterfaceOrientationLandscapeLeft UIInterfaceOrientationLandscapeRight";
				LD_RUNPATH_SEARCH_PATHS = (
					"$(inherited)",
					"@executable_path/Frameworks",
				);
				MARKETING_VERSION = 1.0;
				PRODUCT_BUNDLE_IDENTIFIER = com.qubitpage.sentinelprime;
				PRODUCT_NAME = "$(TARGET_NAME)";
				PROVISIONING_PROFILE_SPECIFIER = "";
				SWIFT_EMIT_LOC_STRINGS = YES;
				SWIFT_VERSION = 5.0;
				TARGETED_DEVICE_FAMILY = "1,2";
			};
			name = Debug;
		};
		B20002 /* Release */ = {
			isa = XCBuildConfiguration;
			buildSettings = {
				ASSETCATALOG_COMPILER_APPICON_NAME = AppIcon;
				ASSETCATALOG_COMPILER_GLOBAL_ACCENT_COLOR_NAME = AccentColor;
				CODE_SIGN_STYLE = Manual;
				CURRENT_PROJECT_VERSION = 1;
				DEVELOPMENT_TEAM = "";
				GENERATE_INFOPLIST_FILE = NO;
				INFOPLIST_FILE = SentinelPrime/Info.plist;
				INFOPLIST_KEY_CFBundleDisplayName = "Sentinel Prime";
				INFOPLIST_KEY_UIApplicationSceneManifest_Generation = YES;
				INFOPLIST_KEY_UIApplicationSupportsIndirectInputEvents = YES;
				INFOPLIST_KEY_UILaunchScreen_Generation = YES;
				INFOPLIST_KEY_UISupportedInterfaceOrientations_iPad = "UIInterfaceOrientationPortrait UIInterfaceOrientationPortraitUpsideDown UIInterfaceOrientationLandscapeLeft UIInterfaceOrientationLandscapeRight";
				INFOPLIST_KEY_UISupportedInterfaceOrientations_iPhone = "UIInterfaceOrientationPortrait UIInterfaceOrientationLandscapeLeft UIInterfaceOrientationLandscapeRight";
				LD_RUNPATH_SEARCH_PATHS = (
					"$(inherited)",
					"@executable_path/Frameworks",
				);
				MARKETING_VERSION = 1.0;
				PRODUCT_BUNDLE_IDENTIFIER = com.qubitpage.sentinelprime;
				PRODUCT_NAME = "$(TARGET_NAME)";
				PROVISIONING_PROFILE_SPECIFIER = "";
				SWIFT_EMIT_LOC_STRINGS = YES;
				SWIFT_VERSION = 5.0;
				TARGETED_DEVICE_FAMILY = "1,2";
			};
			name = Release;
		};
/* End XCBuildConfiguration section */

/* Begin XCConfigurationList section */
		A80001 /* Build configuration list for PBXNativeTarget "SentinelPrime" */ = {
			isa = XCConfigurationList;
			buildConfigurations = (
				B20001 /* Debug */,
				B20002 /* Release */,
			);
			defaultConfigurationIsVisible = 0;
			defaultConfigurationName = Release;
		};
		A80002 /* Build configuration list for PBXProject "SentinelPrime" */ = {
			isa = XCConfigurationList;
			buildConfigurations = (
				B10001 /* Debug */,
				B10002 /* Release */,
			);
			defaultConfigurationIsVisible = 0;
			defaultConfigurationName = Release;
		};
/* End XCConfigurationList section */

	};
	rootObject = A90001 /* Project object */;
}
